
Microsoft Visual Studio Solution File, Format Version 12.00
# Visual Studio Version 17
VisualStudioVersion = 17.0.31903.59
MinimumVisualStudioVersion = 10.0.40219.1
Project("{FAE04EC0-301F-11D3-BF4B-00C04F79EFBC}") = "FcmBase", "FcmBase\FcmBase.csproj", "{FD61CEE1-AF5A-497C-8470-4A5CBBDB3A9C}"
EndProject
Project("{FAE04EC0-301F-11D3-BF4B-00C04F79EFBC}") = "Console", "Console\Console.csproj", "{38A9C8B5-FFA1-4F02-886C-6426A17AFB01}"
EndProject
Global
	GlobalSection(SolutionConfigurationPlatforms) = preSolution
		Debug|Any CPU = Debug|Any CPU
		Release|Any CPU = Release|Any CPU
	EndGlobalSection
	GlobalSection(SolutionProperties) = preSolution
		HideSolutionNode = FALSE
	EndGlobalSection
	GlobalSection(ProjectConfigurationPlatforms) = postSolution
		{FD61CEE1-AF5A-497C-8470-4A5CBBDB3A9C}.Debug|Any CPU.ActiveCfg = Debug|Any CPU
		{FD61CEE1-AF5A-497C-8470-4A5CBBDB3A9C}.Debug|Any CPU.Build.0 = Debug|Any CPU
		{FD61CEE1-AF5A-497C-8470-4A5CBBDB3A9C}.Release|Any CPU.ActiveCfg = Release|Any CPU
		{FD61CEE1-AF5A-497C-8470-4A5CBBDB3A9C}.Release|Any CPU.Build.0 = Release|Any CPU
		{38A9C8B5-FFA1-4F02-886C-6426A17AFB01}.Debug|Any CPU.ActiveCfg = Debug|Any CPU
		{38A9C8B5-FFA1-4F02-886C-6426A17AFB01}.Debug|Any CPU.Build.0 = Debug|Any CPU
		{38A9C8B5-FFA1-4F02-886C-6426A17AFB01}.Release|Any CPU.ActiveCfg = Release|Any CPU
		{38A9C8B5-FFA1-4F02-886C-6426A17AFB01}.Release|Any CPU.Build.0 = Release|Any CPU
	EndGlobalSection
EndGlobal
